// !$*UTF8*$!
{
	archiveVersion = 1;
	classes = {
	};
	objectVersion = 50;
	objects = {

/* Begin PBXBuildFile section */
		CE316F622498D4A400AC495A /* AppDelegate.m in Sources */ = {isa = PBXBuildFile; fileRef = CE316F612498D4A400AC495A /* AppDelegate.m */; };
		CE316F682498D4A400AC495A /* ViewController.m in Sources */ = {isa = PBXBuildFile; fileRef = CE316F672498D4A400AC495A /* ViewController.m */; };
		CE316F6D2498D4A600AC495A /* Assets.xcassets in Resources */ = {isa = PBXBuildFile; fileRef = CE316F6C2498D4A600AC495A /* Assets.xcassets */; };
		CE316F702498D4A600AC495A /* LaunchScreen.storyboard in Resources */ = {isa = PBXBuildFile; fileRef = CE316F6E2498D4A600AC495A /* LaunchScreen.storyboard */; };
		CE316F732498D4A600AC495A /* main.m in Sources */ = {isa = PBXBuildFile; fileRef = CE316F722498D4A600AC495A /* main.m */; };
		CE50CA9024AF2A9000BAB483 /* CGGradientView.m in Sources */ = {isa = PBXBuildFile; fileRef = CE50CA8F24AF2A9000BAB483 /* CGGradientView.m */; };
		CE56F5AE249B6D2300BA9B02 /* BPresentController.m in Sources */ = {isa = PBXBuildFile; fileRef = CE56F5AD249B6D2300BA9B02 /* BPresentController.m */; };
		CE56F5B1249B6E9F00BA9B02 /* BPresentModel.m in Sources */ = {isa = PBXBuildFile; fileRef = CE56F5B0249B6E9F00BA9B02 /* BPresentModel.m */; };
		CE56F5B4249B6F4300BA9B02 /* BPresentHeaderView.m in Sources */ = {isa = PBXBuildFile; fileRef = CE56F5B3249B6F4300BA9B02 /* BPresentHeaderView.m */; };
		CE56F5B7249B6F7900BA9B02 /* BPresentItemModel.m in Sources */ = {isa = PBXBuildFile; fileRef = CE56F5B6249B6F7900BA9B02 /* BPresentItemModel.m */; };
		CE56F5BA249B70CC00BA9B02 /* BPresentHeaderModel.m in Sources */ = {isa = PBXBuildFile; fileRef = CE56F5B9249B70CC00BA9B02 /* BPresentHeaderModel.m */; };
		CE6C171424B848A30061EB32 /* OCLoadInitializeController.m in Sources */ = {isa = PBXBuildFile; fileRef = CE6C171324B848A30061EB32 /* OCLoadInitializeController.m */; };
		CE6C171724B849BF0061EB32 /* OCLoadInitializeObject.m in Sources */ = {isa = PBXBuildFile; fileRef = CE6C171624B849BF0061EB32 /* OCLoadInitializeObject.m */; };
		CE6C171A24B84A440061EB32 /* OCLoadInitializeObject+Test.m in Sources */ = {isa = PBXBuildFile; fileRef = CE6C171924B84A440061EB32 /* OCLoadInitializeObject+Test.m */; };
		CE6C171D24B857B60061EB32 /* OCLoadInitializeObject+Test2.m in Sources */ = {isa = PBXBuildFile; fileRef = CE6C171C24B857B60061EB32 /* OCLoadInitializeObject+Test2.m */; };
		CE6C172024B857CF0061EB32 /* OCLoadInitializeObject+Test3.m in Sources */ = {isa = PBXBuildFile; fileRef = CE6C171F24B857CF0061EB32 /* OCLoadInitializeObject+Test3.m */; };
		CE6C172524B85F390061EB32 /* OCInheritObject.m in Sources */ = {isa = PBXBuildFile; fileRef = CE6C172424B85F390061EB32 /* OCInheritObject.m */; };
		CE6C172824B85F5A0061EB32 /* OCInheritA.m in Sources */ = {isa = PBXBuildFile; fileRef = CE6C172724B85F5A0061EB32 /* OCInheritA.m */; };
		CE6C172B24B85F6D0061EB32 /* OCInheritB.m in Sources */ = {isa = PBXBuildFile; fileRef = CE6C172A24B85F6D0061EB32 /* OCInheritB.m */; };
		CE6C172F24B87AC90061EB32 /* OCImportController.m in Sources */ = {isa = PBXBuildFile; fileRef = CE6C172E24B87AC90061EB32 /* OCImportController.m */; };
		CE6EE48E24B70DA7008735BC /* OCExtensionController.m in Sources */ = {isa = PBXBuildFile; fileRef = CE6EE48D24B70DA7008735BC /* OCExtensionController.m */; };
		CE6EE49324B71731008735BC /* OCTestExtension.m in Sources */ = {isa = PBXBuildFile; fileRef = CE6EE49224B71731008735BC /* OCTestExtension.m */; };
		CE6EE49824B728FE008735BC /* OCProtocolController.m in Sources */ = {isa = PBXBuildFile; fileRef = CE6EE49724B728FE008735BC /* OCProtocolController.m */; };
		CE6EE49B24B72978008735BC /* OCTestProtocol.m in Sources */ = {isa = PBXBuildFile; fileRef = CE6EE49A24B72978008735BC /* OCTestProtocol.m */; };
		CE9082E224A9B4F600A471B9 /* CHomeworkController.m in Sources */ = {isa = PBXBuildFile; fileRef = CE9082E124A9B4F600A471B9 /* CHomeworkController.m */; };
		CE9082E524A9BC7100A471B9 /* CHomework.c in Sources */ = {isa = PBXBuildFile; fileRef = CE9082E424A9BC7100A471B9 /* CHomework.c */; };
		CEB3969924AC35CC00F5915E /* CUFBView.m in Sources */ = {isa = PBXBuildFile; fileRef = CEB3969824AC35CC00F5915E /* CUFBView.m */; };
		CEB3969E24AC5BE600F5915E /* CUHitTestController.m in Sources */ = {isa = PBXBuildFile; fileRef = CEB3969D24AC5BE600F5915E /* CUHitTestController.m */; };
		CEB396A124AC8D7300F5915E /* CUHitTestView.m in Sources */ = {isa = PBXBuildFile; fileRef = CEB396A024AC8D7300F5915E /* CUHitTestView.m */; };
		CEB396A424AC8F4900F5915E /* CUHitTestAView.m in Sources */ = {isa = PBXBuildFile; fileRef = CEB396A324AC8F4900F5915E /* CUHitTestAView.m */; };
		CEB396A724AC8F6100F5915E /* CUHitTestBView.m in Sources */ = {isa = PBXBuildFile; fileRef = CEB396A624AC8F6100F5915E /* CUHitTestBView.m */; };
		CEBE167624B464D200301698 /* OCLocksController.m in Sources */ = {isa = PBXBuildFile; fileRef = CEBE167524B464D200301698 /* OCLocksController.m */; };
		CEC0C5DE24AD870C00E103F5 /* CUOffScreenController.m in Sources */ = {isa = PBXBuildFile; fileRef = CEC0C5DD24AD870C00E103F5 /* CUOffScreenController.m */; };
		CEC0C5E124ADA6F100E103F5 /* CHomeworkSecond.c in Sources */ = {isa = PBXBuildFile; fileRef = CEC0C5E024ADA6F100E103F5 /* CHomeworkSecond.c */; };
		CED28E0B24B5B43000AD2D6E /* OCPointerController.m in Sources */ = {isa = PBXBuildFile; fileRef = CED28E0A24B5B43000AD2D6E /* OCPointerController.m */; };
		CED28E1724B5BDB700AD2D6E /* OC_CrashController+Unrecognized.m in Sources */ = {isa = PBXBuildFile; fileRef = CED28E0E24B5BDB700AD2D6E /* OC_CrashController+Unrecognized.m */; };
		CED28E1824B5BDB700AD2D6E /* OC_CrashController.m in Sources */ = {isa = PBXBuildFile; fileRef = CED28E0F24B5BDB700AD2D6E /* OC_CrashController.m */; };
		CED28E1924B5BDB700AD2D6E /* OC_CrashController+EXC_BAD_ACCESS.m in Sources */ = {isa = PBXBuildFile; fileRef = CED28E1024B5BDB700AD2D6E /* OC_CrashController+EXC_BAD_ACCESS.m */; };
		CED28E1A24B5BDB700AD2D6E /* OC_CrashController+Operation.m in Sources */ = {isa = PBXBuildFile; fileRef = CED28E1124B5BDB700AD2D6E /* OC_CrashController+Operation.m */; };
		CED28E1B24B5BDB700AD2D6E /* OC_CrashController+EXC_BAD_INSTRUCTION.m in Sources */ = {isa = PBXBuildFile; fileRef = CED28E1224B5BDB700AD2D6E /* OC_CrashController+EXC_BAD_INSTRUCTION.m */; };
		CED28E1E24B5D1EC00AD2D6E /* OCKeywordsController.m in Sources */ = {isa = PBXBuildFile; fileRef = CED28E1D24B5D1EC00AD2D6E /* OCKeywordsController.m */; };
		CED28E2224B5D91B00AD2D6E /* OCCategaryController.m in Sources */ = {isa = PBXBuildFile; fileRef = CED28E2124B5D91B00AD2D6E /* OCCategaryController.m */; };
		CED28E2824B5E95100AD2D6E /* UIView+Frame.m in Sources */ = {isa = PBXBuildFile; fileRef = CED28E2624B5E95100AD2D6E /* UIView+Frame.m */; };
		CEF1761124AB4B4F00977E8F /* CUFrameBoundsViewController.m in Sources */ = {isa = PBXBuildFile; fileRef = CEF1760E24AB4B4F00977E8F /* CUFrameBoundsViewController.m */; };
		CEF17DD624B1CFB000218C27 /* CArray.c in Sources */ = {isa = PBXBuildFile; fileRef = CEF17DD524B1CFB000218C27 /* CArray.c */; };
		CEF17DDB24B1F5A000218C27 /* CCycle.c in Sources */ = {isa = PBXBuildFile; fileRef = CEF17DDA24B1F5A000218C27 /* CCycle.c */; };
		CEF17DE124B2320200218C27 /* CDataType.c in Sources */ = {isa = PBXBuildFile; fileRef = CEF17DE024B2320200218C27 /* CDataType.c */; };
		CEF17DE424B2324100218C27 /* COptionAndOperator.c in Sources */ = {isa = PBXBuildFile; fileRef = CEF17DE324B2324100218C27 /* COptionAndOperator.c */; };
		CEF17DE724B232AD00218C27 /* CPointer.c in Sources */ = {isa = PBXBuildFile; fileRef = CEF17DE624B232AD00218C27 /* CPointer.c */; };
		CEF17DEA24B2338600218C27 /* CFunction.c in Sources */ = {isa = PBXBuildFile; fileRef = CEF17DE924B2338600218C27 /* CFunction.c */; };
		CEF17DF124B2369C00218C27 /* CLibsController.m in Sources */ = {isa = PBXBuildFile; fileRef = CEF17DF024B2369C00218C27 /* CLibsController.m */; };
		CEFDF91524B324C6003F53CC /* OC_Test_CADisplayLink.m in Sources */ = {isa = PBXBuildFile; fileRef = CEFDF90C24B324C6003F53CC /* OC_Test_CADisplayLink.m */; };
		CEFDF91624B324C6003F53CC /* OC_Test_NSTimer.m in Sources */ = {isa = PBXBuildFile; fileRef = CEFDF90D24B324C6003F53CC /* OC_Test_NSTimer.m */; };
		CEFDF91824B324C6003F53CC /* NSWeakTimer.m in Sources */ = {isa = PBXBuildFile; fileRef = CEFDF91324B324C6003F53CC /* NSWeakTimer.m */; };
		CEFDF91924B324C6003F53CC /* OC_Test_GCDTimer.m in Sources */ = {isa = PBXBuildFile; fileRef = CEFDF91424B324C6003F53CC /* OC_Test_GCDTimer.m */; };
		CEFDF91C24B328F1003F53CC /* OCTimerController.m in Sources */ = {isa = PBXBuildFile; fileRef = CEFDF91A24B328F0003F53CC /* OCTimerController.m */; };
		CEFDF92024B3391C003F53CC /* OCThreadController.m in Sources */ = {isa = PBXBuildFile; fileRef = CEFDF91F24B3391C003F53CC /* OCThreadController.m */; };
		CEFDF92324B33A73003F53CC /* OCThread.m in Sources */ = {isa = PBXBuildFile; fileRef = CEFDF92224B33A73003F53CC /* OCThread.m */; };
		CEFDF92624B33A86003F53CC /* OCOperation.m in Sources */ = {isa = PBXBuildFile; fileRef = CEFDF92524B33A86003F53CC /* OCOperation.m */; };
		CEFDF92924B33AAE003F53CC /* OCGCDAsync.m in Sources */ = {isa = PBXBuildFile; fileRef = CEFDF92824B33AAE003F53CC /* OCGCDAsync.m */; };
/* End PBXBuildFile section */

/* Begin PBXFileReference section */
		CE316F5D2498D4A400AC495A /* Programming.app */ = {isa = PBXFileReference; explicitFileType = wrapper.application; includeInIndex = 0; path = Programming.app; sourceTree = BUILT_PRODUCTS_DIR; };
		CE316F602498D4A400AC495A /* AppDelegate.h */ = {isa = PBXFileReference; lastKnownFileType = sourcecode.c.h; path = AppDelegate.h; sourceTree = "<group>"; };
		CE316F612498D4A400AC495A /* AppDelegate.m */ = {isa = PBXFileReference; lastKnownFileType = sourcecode.c.objc; path = AppDelegate.m; sourceTree = "<group>"; };
		CE316F662498D4A400AC495A /* ViewController.h */ = {isa = PBXFileReference; lastKnownFileType = sourcecode.c.h; path = ViewController.h; sourceTree = "<group>"; };
		CE316F672498D4A400AC495A /* ViewController.m */ = {isa = PBXFileReference; lastKnownFileType = sourcecode.c.objc; path = ViewController.m; sourceTree = "<group>"; };
		CE316F6C2498D4A600AC495A /* Assets.xcassets */ = {isa = PBXFileReference; lastKnownFileType = folder.assetcatalog; path = Assets.xcassets; sourceTree = "<group>"; };
		CE316F6F2498D4A600AC495A /* Base */ = {isa = PBXFileReference; lastKnownFileType = file.storyboard; name = Base; path = Base.lproj/LaunchScreen.storyboard; sourceTree = "<group>"; };
		CE316F712498D4A600AC495A /* Info.plist */ = {isa = PBXFileReference; lastKnownFileType = text.plist.xml; path = Info.plist; sourceTree = "<group>"; };
		CE316F722498D4A600AC495A /* main.m */ = {isa = PBXFileReference; lastKnownFileType = sourcecode.c.objc; path = main.m; sourceTree = "<group>"; };
		CE50CA8E24AF2A9000BAB483 /* CGGradientView.h */ = {isa = PBXFileReference; lastKnownFileType = sourcecode.c.h; path = CGGradientView.h; sourceTree = "<group>"; };
		CE50CA8F24AF2A9000BAB483 /* CGGradientView.m */ = {isa = PBXFileReference; lastKnownFileType = sourcecode.c.objc; path = CGGradientView.m; sourceTree = "<group>"; };
		CE56F5AC249B6D2300BA9B02 /* BPresentController.h */ = {isa = PBXFileReference; lastKnownFileType = sourcecode.c.h; path = BPresentController.h; sourceTree = "<group>"; };
		CE56F5AD249B6D2300BA9B02 /* BPresentController.m */ = {isa = PBXFileReference; lastKnownFileType = sourcecode.c.objc; path = BPresentController.m; sourceTree = "<group>"; };
		CE56F5AF249B6E9F00BA9B02 /* BPresentModel.h */ = {isa = PBXFileReference; lastKnownFileType = sourcecode.c.h; path = BPresentModel.h; sourceTree = "<group>"; };
		CE56F5B0249B6E9F00BA9B02 /* BPresentModel.m */ = {isa = PBXFileReference; lastKnownFileType = sourcecode.c.objc; path = BPresentModel.m; sourceTree = "<group>"; };
		CE56F5B2249B6F4300BA9B02 /* BPresentHeaderView.h */ = {isa = PBXFileReference; lastKnownFileType = sourcecode.c.h; path = BPresentHeaderView.h; sourceTree = "<group>"; };
		CE56F5B3249B6F4300BA9B02 /* BPresentHeaderView.m */ = {isa = PBXFileReference; lastKnownFileType = sourcecode.c.objc; path = BPresentHeaderView.m; sourceTree = "<group>"; };
		CE56F5B5249B6F7900BA9B02 /* BPresentItemModel.h */ = {isa = PBXFileReference; lastKnownFileType = sourcecode.c.h; path = BPresentItemModel.h; sourceTree = "<group>"; };
		CE56F5B6249B6F7900BA9B02 /* BPresentItemModel.m */ = {isa = PBXFileReference; lastKnownFileType = sourcecode.c.objc; path = BPresentItemModel.m; sourceTree = "<group>"; };
		CE56F5B8249B70CC00BA9B02 /* BPresentHeaderModel.h */ = {isa = PBXFileReference; lastKnownFileType = sourcecode.c.h; path = BPresentHeaderModel.h; sourceTree = "<group>"; };
		CE56F5B9249B70CC00BA9B02 /* BPresentHeaderModel.m */ = {isa = PBXFileReference; lastKnownFileType = sourcecode.c.objc; path = BPresentHeaderModel.m; sourceTree = "<group>"; };
		CE6C171224B848A30061EB32 /* OCLoadInitializeController.h */ = {isa = PBXFileReference; lastKnownFileType = sourcecode.c.h; path = OCLoadInitializeController.h; sourceTree = "<group>"; };
		CE6C171324B848A30061EB32 /* OCLoadInitializeController.m */ = {isa = PBXFileReference; lastKnownFileType = sourcecode.c.objc; path = OCLoadInitializeController.m; sourceTree = "<group>"; };
		CE6C171524B849BF0061EB32 /* OCLoadInitializeObject.h */ = {isa = PBXFileReference; lastKnownFileType = sourcecode.c.h; path = OCLoadInitializeObject.h; sourceTree = "<group>"; };
		CE6C171624B849BF0061EB32 /* OCLoadInitializeObject.m */ = {isa = PBXFileReference; lastKnownFileType = sourcecode.c.objc; path = OCLoadInitializeObject.m; sourceTree = "<group>"; };
		CE6C171824B84A440061EB32 /* OCLoadInitializeObject+Test.h */ = {isa = PBXFileReference; lastKnownFileType = sourcecode.c.h; path = "OCLoadInitializeObject+Test.h"; sourceTree = "<group>"; };
		CE6C171924B84A440061EB32 /* OCLoadInitializeObject+Test.m */ = {isa = PBXFileReference; lastKnownFileType = sourcecode.c.objc; path = "OCLoadInitializeObject+Test.m"; sourceTree = "<group>"; };
		CE6C171B24B857B60061EB32 /* OCLoadInitializeObject+Test2.h */ = {isa = PBXFileReference; lastKnownFileType = sourcecode.c.h; path = "OCLoadInitializeObject+Test2.h"; sourceTree = "<group>"; };
		CE6C171C24B857B60061EB32 /* OCLoadInitializeObject+Test2.m */ = {isa = PBXFileReference; lastKnownFileType = sourcecode.c.objc; path = "OCLoadInitializeObject+Test2.m"; sourceTree = "<group>"; };
		CE6C171E24B857CF0061EB32 /* OCLoadInitializeObject+Test3.h */ = {isa = PBXFileReference; lastKnownFileType = sourcecode.c.h; path = "OCLoadInitializeObject+Test3.h"; sourceTree = "<group>"; };
		CE6C171F24B857CF0061EB32 /* OCLoadInitializeObject+Test3.m */ = {isa = PBXFileReference; lastKnownFileType = sourcecode.c.objc; path = "OCLoadInitializeObject+Test3.m"; sourceTree = "<group>"; };
		CE6C172324B85F390061EB32 /* OCInheritObject.h */ = {isa = PBXFileReference; lastKnownFileType = sourcecode.c.h; path = OCInheritObject.h; sourceTree = "<group>"; };
		CE6C172424B85F390061EB32 /* OCInheritObject.m */ = {isa = PBXFileReference; lastKnownFileType = sourcecode.c.objc; path = OCInheritObject.m; sourceTree = "<group>"; };
		CE6C172624B85F5A0061EB32 /* OCInheritA.h */ = {isa = PBXFileReference; lastKnownFileType = sourcecode.c.h; path = OCInheritA.h; sourceTree = "<group>"; };
		CE6C172724B85F5A0061EB32 /* OCInheritA.m */ = {isa = PBXFileReference; lastKnownFileType = sourcecode.c.objc; path = OCInheritA.m; sourceTree = "<group>"; };
		CE6C172924B85F6D0061EB32 /* OCInheritB.h */ = {isa = PBXFileReference; lastKnownFileType = sourcecode.c.h; path = OCInheritB.h; sourceTree = "<group>"; };
		CE6C172A24B85F6D0061EB32 /* OCInheritB.m */ = {isa = PBXFileReference; lastKnownFileType = sourcecode.c.objc; path = OCInheritB.m; sourceTree = "<group>"; };
		CE6C172D24B87AC90061EB32 /* OCImportController.h */ = {isa = PBXFileReference; lastKnownFileType = sourcecode.c.h; path = OCImportController.h; sourceTree = "<group>"; };
		CE6C172E24B87AC90061EB32 /* OCImportController.m */ = {isa = PBXFileReference; lastKnownFileType = sourcecode.c.objc; path = OCImportController.m; sourceTree = "<group>"; };
		CE6EE48C24B70DA7008735BC /* OCExtensionController.h */ = {isa = PBXFileReference; lastKnownFileType = sourcecode.c.h; path = OCExtensionController.h; sourceTree = "<group>"; };
		CE6EE48D24B70DA7008735BC /* OCExtensionController.m */ = {isa = PBXFileReference; lastKnownFileType = sourcecode.c.objc; path = OCExtensionController.m; sourceTree = "<group>"; };
		CE6EE49024B70F02008735BC /* UIView+Extension.h */ = {isa = PBXFileReference; lastKnownFileType = sourcecode.c.h; path = "UIView+Extension.h"; sourceTree = "<group>"; };
		CE6EE49124B71731008735BC /* OCTestExtension.h */ = {isa = PBXFileReference; lastKnownFileType = sourcecode.c.h; path = OCTestExtension.h; sourceTree = "<group>"; };
		CE6EE49224B71731008735BC /* OCTestExtension.m */ = {isa = PBXFileReference; lastKnownFileType = sourcecode.c.objc; path = OCTestExtension.m; sourceTree = "<group>"; };
		CE6EE49424B7174B008735BC /* OCTestExtension+Extension.h */ = {isa = PBXFileReference; lastKnownFileType = sourcecode.c.h; path = "OCTestExtension+Extension.h"; sourceTree = "<group>"; };
		CE6EE49624B728FE008735BC /* OCProtocolController.h */ = {isa = PBXFileReference; lastKnownFileType = sourcecode.c.h; path = OCProtocolController.h; sourceTree = "<group>"; };
		CE6EE49724B728FE008735BC /* OCProtocolController.m */ = {isa = PBXFileReference; lastKnownFileType = sourcecode.c.objc; path = OCProtocolController.m; sourceTree = "<group>"; };
		CE6EE49924B72929008735BC /* OCTestProtocol.h */ = {isa = PBXFileReference; lastKnownFileType = sourcecode.c.h; path = OCTestProtocol.h; sourceTree = "<group>"; };
		CE6EE49A24B72978008735BC /* OCTestProtocol.m */ = {isa = PBXFileReference; lastKnownFileType = sourcecode.c.objc; path = OCTestProtocol.m; sourceTree = "<group>"; };
		CE6EE49C24B729C5008735BC /* OCTestDelegate.h */ = {isa = PBXFileReference; lastKnownFileType = sourcecode.c.h; path = OCTestDelegate.h; sourceTree = "<group>"; };
		CE9082E024A9B4F600A471B9 /* CHomeworkController.h */ = {isa = PBXFileReference; lastKnownFileType = sourcecode.c.h; path = CHomeworkController.h; sourceTree = "<group>"; };
		CE9082E124A9B4F600A471B9 /* CHomeworkController.m */ = {isa = PBXFileReference; lastKnownFileType = sourcecode.c.objc; path = CHomeworkController.m; sourceTree = "<group>"; };
		CE9082E324A9BC7100A471B9 /* CHomework.h */ = {isa = PBXFileReference; lastKnownFileType = sourcecode.c.h; path = CHomework.h; sourceTree = "<group>"; };
		CE9082E424A9BC7100A471B9 /* CHomework.c */ = {isa = PBXFileReference; lastKnownFileType = sourcecode.c.c; path = CHomework.c; sourceTree = "<group>"; };
		CEB3969724AC35CC00F5915E /* CUFBView.h */ = {isa = PBXFileReference; lastKnownFileType = sourcecode.c.h; path = CUFBView.h; sourceTree = "<group>"; };
		CEB3969824AC35CC00F5915E /* CUFBView.m */ = {isa = PBXFileReference; lastKnownFileType = sourcecode.c.objc; path = CUFBView.m; sourceTree = "<group>"; };
		CEB3969C24AC5BE600F5915E /* CUHitTestController.h */ = {isa = PBXFileReference; lastKnownFileType = sourcecode.c.h; path = CUHitTestController.h; sourceTree = "<group>"; };
		CEB3969D24AC5BE600F5915E /* CUHitTestController.m */ = {isa = PBXFileReference; lastKnownFileType = sourcecode.c.objc; path = CUHitTestController.m; sourceTree = "<group>"; };
		CEB3969F24AC8D7300F5915E /* CUHitTestView.h */ = {isa = PBXFileReference; lastKnownFileType = sourcecode.c.h; path = CUHitTestView.h; sourceTree = "<group>"; };
		CEB396A024AC8D7300F5915E /* CUHitTestView.m */ = {isa = PBXFileReference; lastKnownFileType = sourcecode.c.objc; path = CUHitTestView.m; sourceTree = "<group>"; };
		CEB396A224AC8F4900F5915E /* CUHitTestAView.h */ = {isa = PBXFileReference; lastKnownFileType = sourcecode.c.h; path = CUHitTestAView.h; sourceTree = "<group>"; };
		CEB396A324AC8F4900F5915E /* CUHitTestAView.m */ = {isa = PBXFileReference; lastKnownFileType = sourcecode.c.objc; path = CUHitTestAView.m; sourceTree = "<group>"; };
		CEB396A524AC8F6100F5915E /* CUHitTestBView.h */ = {isa = PBXFileReference; lastKnownFileType = sourcecode.c.h; path = CUHitTestBView.h; sourceTree = "<group>"; };
		CEB396A624AC8F6100F5915E /* CUHitTestBView.m */ = {isa = PBXFileReference; lastKnownFileType = sourcecode.c.objc; path = CUHitTestBView.m; sourceTree = "<group>"; };
		CEBE167424B464D200301698 /* OCLocksController.h */ = {isa = PBXFileReference; lastKnownFileType = sourcecode.c.h; path = OCLocksController.h; sourceTree = "<group>"; };
		CEBE167524B464D200301698 /* OCLocksController.m */ = {isa = PBXFileReference; lastKnownFileType = sourcecode.c.objc; path = OCLocksController.m; sourceTree = "<group>"; };
		CEC0C5DC24AD870C00E103F5 /* CUOffScreenController.h */ = {isa = PBXFileReference; lastKnownFileType = sourcecode.c.h; path = CUOffScreenController.h; sourceTree = "<group>"; };
		CEC0C5DD24AD870C00E103F5 /* CUOffScreenController.m */ = {isa = PBXFileReference; lastKnownFileType = sourcecode.c.objc; path = CUOffScreenController.m; sourceTree = "<group>"; };
		CEC0C5DF24ADA6F100E103F5 /* CHomeworkSecond.h */ = {isa = PBXFileReference; lastKnownFileType = sourcecode.c.h; path = CHomeworkSecond.h; sourceTree = "<group>"; };
		CEC0C5E024ADA6F100E103F5 /* CHomeworkSecond.c */ = {isa = PBXFileReference; lastKnownFileType = sourcecode.c.c; path = CHomeworkSecond.c; sourceTree = "<group>"; };
		CED28E0924B5B43000AD2D6E /* OCPointerController.h */ = {isa = PBXFileReference; lastKnownFileType = sourcecode.c.h; path = OCPointerController.h; sourceTree = "<group>"; };
		CED28E0A24B5B43000AD2D6E /* OCPointerController.m */ = {isa = PBXFileReference; lastKnownFileType = sourcecode.c.objc; path = OCPointerController.m; sourceTree = "<group>"; };
		CED28E0D24B5BDB700AD2D6E /* OC_CrashController+EXC_BAD_INSTRUCTION.h */ = {isa = PBXFileReference; fileEncoding = 4; lastKnownFileType = sourcecode.c.h; path = "OC_CrashController+EXC_BAD_INSTRUCTION.h"; sourceTree = "<group>"; };
		CED28E0E24B5BDB700AD2D6E /* OC_CrashController+Unrecognized.m */ = {isa = PBXFileReference; fileEncoding = 4; lastKnownFileType = sourcecode.c.objc; path = "OC_CrashController+Unrecognized.m"; sourceTree = "<group>"; };
		CED28E0F24B5BDB700AD2D6E /* OC_CrashController.m */ = {isa = PBXFileReference; fileEncoding = 4; lastKnownFileType = sourcecode.c.objc; path = OC_CrashController.m; sourceTree = "<group>"; };
		CED28E1024B5BDB700AD2D6E /* OC_CrashController+EXC_BAD_ACCESS.m */ = {isa = PBXFileReference; fileEncoding = 4; lastKnownFileType = sourcecode.c.objc; path = "OC_CrashController+EXC_BAD_ACCESS.m"; sourceTree = "<group>"; };
		CED28E1124B5BDB700AD2D6E /* OC_CrashController+Operation.m */ = {isa = PBXFileReference; fileEncoding = 4; lastKnownFileType = sourcecode.c.objc; path = "OC_CrashController+Operation.m"; sourceTree = "<group>"; };
		CED28E1224B5BDB700AD2D6E /* OC_CrashController+EXC_BAD_INSTRUCTION.m */ = {isa = PBXFileReference; fileEncoding = 4; lastKnownFileType = sourcecode.c.objc; path = "OC_CrashController+EXC_BAD_INSTRUCTION.m"; sourceTree = "<group>"; };
		CED28E1324B5BDB700AD2D6E /* OC_CrashController.h */ = {isa = PBXFileReference; fileEncoding = 4; lastKnownFileType = sourcecode.c.h; path = OC_CrashController.h; sourceTree = "<group>"; };
		CED28E1424B5BDB700AD2D6E /* OC_CrashController+Unrecognized.h */ = {isa = PBXFileReference; fileEncoding = 4; lastKnownFileType = sourcecode.c.h; path = "OC_CrashController+Unrecognized.h"; sourceTree = "<group>"; };
		CED28E1524B5BDB700AD2D6E /* OC_CrashController+EXC_BAD_ACCESS.h */ = {isa = PBXFileReference; fileEncoding = 4; lastKnownFileType = sourcecode.c.h; path = "OC_CrashController+EXC_BAD_ACCESS.h"; sourceTree = "<group>"; };
		CED28E1624B5BDB700AD2D6E /* OC_CrashController+Operation.h */ = {isa = PBXFileReference; fileEncoding = 4; lastKnownFileType = sourcecode.c.h; path = "OC_CrashController+Operation.h"; sourceTree = "<group>"; };
		CED28E1C24B5D1EC00AD2D6E /* OCKeywordsController.h */ = {isa = PBXFileReference; lastKnownFileType = sourcecode.c.h; path = OCKeywordsController.h; sourceTree = "<group>"; };
		CED28E1D24B5D1EC00AD2D6E /* OCKeywordsController.m */ = {isa = PBXFileReference; lastKnownFileType = sourcecode.c.objc; path = OCKeywordsController.m; sourceTree = "<group>"; };
		CED28E2024B5D91B00AD2D6E /* OCCategaryController.h */ = {isa = PBXFileReference; lastKnownFileType = sourcecode.c.h; path = OCCategaryController.h; sourceTree = "<group>"; };
		CED28E2124B5D91B00AD2D6E /* OCCategaryController.m */ = {isa = PBXFileReference; lastKnownFileType = sourcecode.c.objc; path = OCCategaryController.m; sourceTree = "<group>"; };
		CED28E2324B5E95100AD2D6E /* UIView+Frame.h */ = {isa = PBXFileReference; fileEncoding = 4; lastKnownFileType = sourcecode.c.h; path = "UIView+Frame.h"; sourceTree = "<group>"; };
		CED28E2624B5E95100AD2D6E /* UIView+Frame.m */ = {isa = PBXFileReference; fileEncoding = 4; lastKnownFileType = sourcecode.c.objc; path = "UIView+Frame.m"; sourceTree = "<group>"; };
		CEF1760B24AB4B4F00977E8F /* CUFrameBoundsViewController.h */ = {isa = PBXFileReference; fileEncoding = 4; lastKnownFileType = sourcecode.c.h; path = CUFrameBoundsViewController.h; sourceTree = "<group>"; };
		CEF1760E24AB4B4F00977E8F /* CUFrameBoundsViewController.m */ = {isa = PBXFileReference; fileEncoding = 4; lastKnownFileType = sourcecode.c.objc; path = CUFrameBoundsViewController.m; sourceTree = "<group>"; };
		CEF17DD424B1CFB000218C27 /* CArray.h */ = {isa = PBXFileReference; lastKnownFileType = sourcecode.c.h; path = CArray.h; sourceTree = "<group>"; };
		CEF17DD524B1CFB000218C27 /* CArray.c */ = {isa = PBXFileReference; lastKnownFileType = sourcecode.c.c; path = CArray.c; sourceTree = "<group>"; };
		CEF17DD924B1F5A000218C27 /* CCycle.h */ = {isa = PBXFileReference; lastKnownFileType = sourcecode.c.h; path = CCycle.h; sourceTree = "<group>"; };
		CEF17DDA24B1F5A000218C27 /* CCycle.c */ = {isa = PBXFileReference; lastKnownFileType = sourcecode.c.c; path = CCycle.c; sourceTree = "<group>"; };
		CEF17DDF24B2320200218C27 /* CDataType.h */ = {isa = PBXFileReference; lastKnownFileType = sourcecode.c.h; path = CDataType.h; sourceTree = "<group>"; };
		CEF17DE024B2320200218C27 /* CDataType.c */ = {isa = PBXFileReference; lastKnownFileType = sourcecode.c.c; path = CDataType.c; sourceTree = "<group>"; };
		CEF17DE224B2324100218C27 /* COptionAndOperator.h */ = {isa = PBXFileReference; lastKnownFileType = sourcecode.c.h; path = COptionAndOperator.h; sourceTree = "<group>"; };
		CEF17DE324B2324100218C27 /* COptionAndOperator.c */ = {isa = PBXFileReference; lastKnownFileType = sourcecode.c.c; path = COptionAndOperator.c; sourceTree = "<group>"; };
		CEF17DE524B232AD00218C27 /* CPointer.h */ = {isa = PBXFileReference; lastKnownFileType = sourcecode.c.h; path = CPointer.h; sourceTree = "<group>"; };
		CEF17DE624B232AD00218C27 /* CPointer.c */ = {isa = PBXFileReference; lastKnownFileType = sourcecode.c.c; path = CPointer.c; sourceTree = "<group>"; };
		CEF17DE824B2338600218C27 /* CFunction.h */ = {isa = PBXFileReference; lastKnownFileType = sourcecode.c.h; path = CFunction.h; sourceTree = "<group>"; };
		CEF17DE924B2338600218C27 /* CFunction.c */ = {isa = PBXFileReference; lastKnownFileType = sourcecode.c.c; path = CFunction.c; sourceTree = "<group>"; };
		CEF17DEF24B2369C00218C27 /* CLibsController.h */ = {isa = PBXFileReference; lastKnownFileType = sourcecode.c.h; path = CLibsController.h; sourceTree = "<group>"; };
		CEF17DF024B2369C00218C27 /* CLibsController.m */ = {isa = PBXFileReference; lastKnownFileType = sourcecode.c.objc; path = CLibsController.m; sourceTree = "<group>"; };
		CEFDF90C24B324C6003F53CC /* OC_Test_CADisplayLink.m */ = {isa = PBXFileReference; fileEncoding = 4; lastKnownFileType = sourcecode.c.objc; path = OC_Test_CADisplayLink.m; sourceTree = "<group>"; };
		CEFDF90D24B324C6003F53CC /* OC_Test_NSTimer.m */ = {isa = PBXFileReference; fileEncoding = 4; lastKnownFileType = sourcecode.c.objc; path = OC_Test_NSTimer.m; sourceTree = "<group>"; };
		CEFDF90E24B324C6003F53CC /* OC_Test_GCDTimer.h */ = {isa = PBXFileReference; fileEncoding = 4; lastKnownFileType = sourcecode.c.h; path = OC_Test_GCDTimer.h; sourceTree = "<group>"; };
		CEFDF90F24B324C6003F53CC /* NSWeakTimer.h */ = {isa = PBXFileReference; fileEncoding = 4; lastKnownFileType = sourcecode.c.h; path = NSWeakTimer.h; sourceTree = "<group>"; };
		CEFDF91024B324C6003F53CC /* OC_Test_CADisplayLink.h */ = {isa = PBXFileReference; fileEncoding = 4; lastKnownFileType = sourcecode.c.h; path = OC_Test_CADisplayLink.h; sourceTree = "<group>"; };
		CEFDF91224B324C6003F53CC /* OC_Test_NSTimer.h */ = {isa = PBXFileReference; fileEncoding = 4; lastKnownFileType = sourcecode.c.h; path = OC_Test_NSTimer.h; sourceTree = "<group>"; };
		CEFDF91324B324C6003F53CC /* NSWeakTimer.m */ = {isa = PBXFileReference; fileEncoding = 4; lastKnownFileType = sourcecode.c.objc; path = NSWeakTimer.m; sourceTree = "<group>"; };
		CEFDF91424B324C6003F53CC /* OC_Test_GCDTimer.m */ = {isa = PBXFileReference; fileEncoding = 4; lastKnownFileType = sourcecode.c.objc; path = OC_Test_GCDTimer.m; sourceTree = "<group>"; };
		CEFDF91A24B328F0003F53CC /* OCTimerController.m */ = {isa = PBXFileReference; fileEncoding = 4; lastKnownFileType = sourcecode.c.objc; path = OCTimerController.m; sourceTree = "<group>"; };
		CEFDF91B24B328F0003F53CC /* OCTimerController.h */ = {isa = PBXFileReference; fileEncoding = 4; lastKnownFileType = sourcecode.c.h; path = OCTimerController.h; sourceTree = "<group>"; };
		CEFDF91E24B3391C003F53CC /* OCThreadController.h */ = {isa = PBXFileReference; lastKnownFileType = sourcecode.c.h; path = OCThreadController.h; sourceTree = "<group>"; };
		CEFDF91F24B3391C003F53CC /* OCThreadController.m */ = {isa = PBXFileReference; lastKnownFileType = sourcecode.c.objc; path = OCThreadController.m; sourceTree = "<group>"; };
		CEFDF92124B33A73003F53CC /* OCThread.h */ = {isa = PBXFileReference; lastKnownFileType = sourcecode.c.h; path = OCThread.h; sourceTree = "<group>"; };
		CEFDF92224B33A73003F53CC /* OCThread.m */ = {isa = PBXFileReference; lastKnownFileType = sourcecode.c.objc; path = OCThread.m; sourceTree = "<group>"; };
		CEFDF92424B33A86003F53CC /* OCOperation.h */ = {isa = PBXFileReference; lastKnownFileType = sourcecode.c.h; path = OCOperation.h; sourceTree = "<group>"; };
		CEFDF92524B33A86003F53CC /* OCOperation.m */ = {isa = PBXFileReference; lastKnownFileType = sourcecode.c.objc; path = OCOperation.m; sourceTree = "<group>"; };
		CEFDF92724B33AAE003F53CC /* OCGCDAsync.h */ = {isa = PBXFileReference; lastKnownFileType = sourcecode.c.h; path = OCGCDAsync.h; sourceTree = "<group>"; };
		CEFDF92824B33AAE003F53CC /* OCGCDAsync.m */ = {isa = PBXFileReference; lastKnownFileType = sourcecode.c.objc; path = OCGCDAsync.m; sourceTree = "<group>"; };
/* End PBXFileReference section */

/* Begin PBXFrameworksBuildPhase section */
		CE316F5A2498D4A400AC495A /* Frameworks */ = {
			isa = PBXFrameworksBuildPhase;
			buildActionMask = 2147483647;
			files = (
			);
			runOnlyForDeploymentPostprocessing = 0;
		};
/* End PBXFrameworksBuildPhase section */

/* Begin PBXGroup section */
		CE316F542498D4A400AC495A = {
			isa = PBXGroup;
			children = (
				CE316F5F2498D4A400AC495A /* Programming */,
				CE316F5E2498D4A400AC495A /* Products */,
			);
			sourceTree = "<group>";
		};
		CE316F5E2498D4A400AC495A /* Products */ = {
			isa = PBXGroup;
			children = (
				CE316F5D2498D4A400AC495A /* Programming.app */,
			);
			name = Products;
			sourceTree = "<group>";
		};
		CE316F5F2498D4A400AC495A /* Programming */ = {
			isa = PBXGroup;
			children = (
				CE316F602498D4A400AC495A /* AppDelegate.h */,
				CE316F612498D4A400AC495A /* AppDelegate.m */,
				CE316F662498D4A400AC495A /* ViewController.h */,
				CE316F672498D4A400AC495A /* ViewController.m */,
				CE316F6C2498D4A600AC495A /* Assets.xcassets */,
				CE316F6E2498D4A600AC495A /* LaunchScreen.storyboard */,
				CE316F712498D4A600AC495A /* Info.plist */,
				CE316F722498D4A600AC495A /* main.m */,
				CEF6ADDF2499064C0061995A /* BasePresent */,
				CE316F802498D7FE00AC495A /* Algorithms */,
				CE316F7C2498D52A00AC495A /* Internet */,
				CE316F7B2498D51C00AC495A /* DataBase */,
				CE316F7F2498D5E900AC495A /* DesignPattern */,
				CEF6ADDE249904A10061995A /* CocoaUI */,
				CE56F5AB249B689E00BA9B02 /* iOS */,
				CE316F792498D4E700AC495A /* Objective-C */,
				CE316F7A2498D50600AC495A /* Swift */,
				CE316F7E2498D57700AC495A /* C++ */,
				CE316F7D2498D56C00AC495A /* C */,
			);
			path = Programming;
			sourceTree = "<group>";
		};
		CE316F792498D4E700AC495A /* Objective-C */ = {
			isa = PBXGroup;
			children = (
				CE6C172C24B87AA20061EB32 /* Import */,
				CE6C170524B848190061EB32 /* LoadInitialize */,
				CE6EE49524B728D4008735BC /* Protocol */,
				CE6EE48B24B70C6F008735BC /* Extension */,
				CED28E1F24B5D8FF00AD2D6E /* Categary */,
				CEBE167324B464AB00301698 /* Lock */,
				CEFDF91D24B338DD003F53CC /* Thread */,
				CEFDF90A24B324C6003F53CC /* Timer */,
				CED28E0924B5B43000AD2D6E /* OCPointerController.h */,
				CED28E0A24B5B43000AD2D6E /* OCPointerController.m */,
				CED28E1C24B5D1EC00AD2D6E /* OCKeywordsController.h */,
				CED28E1D24B5D1EC00AD2D6E /* OCKeywordsController.m */,
			);
			path = "Objective-C";
			sourceTree = "<group>";
		};
		CE316F7A2498D50600AC495A /* Swift */ = {
			isa = PBXGroup;
			children = (
			);
			path = Swift;
			sourceTree = "<group>";
		};
		CE316F7B2498D51C00AC495A /* DataBase */ = {
			isa = PBXGroup;
			children = (
			);
			path = DataBase;
			sourceTree = "<group>";
		};
		CE316F7C2498D52A00AC495A /* Internet */ = {
			isa = PBXGroup;
			children = (
			);
			path = Internet;
			sourceTree = "<group>";
		};
		CE316F7D2498D56C00AC495A /* C */ = {
			isa = PBXGroup;
			children = (
				CEF17DDF24B2320200218C27 /* CDataType.h */,
				CEF17DE024B2320200218C27 /* CDataType.c */,
				CEF17DE224B2324100218C27 /* COptionAndOperator.h */,
				CEF17DE324B2324100218C27 /* COptionAndOperator.c */,
				CEF17DD924B1F5A000218C27 /* CCycle.h */,
				CEF17DDA24B1F5A000218C27 /* CCycle.c */,
				CEF17DD424B1CFB000218C27 /* CArray.h */,
				CEF17DD524B1CFB000218C27 /* CArray.c */,
				CEF17DE824B2338600218C27 /* CFunction.h */,
				CEF17DE924B2338600218C27 /* CFunction.c */,
				CEF17DE524B232AD00218C27 /* CPointer.h */,
				CEF17DE624B232AD00218C27 /* CPointer.c */,
				CEF17DEE24B2365C00218C27 /* Libs */,
				CEF17DD724B1D03A00218C27 /* Homework */,
			);
			path = C;
			sourceTree = "<group>";
		};
		CE316F7E2498D57700AC495A /* C++ */ = {
			isa = PBXGroup;
			children = (
			);
			path = "C++";
			sourceTree = "<group>";
		};
		CE316F7F2498D5E900AC495A /* DesignPattern */ = {
			isa = PBXGroup;
			children = (
			);
			path = DesignPattern;
			sourceTree = "<group>";
		};
		CE316F802498D7FE00AC495A /* Algorithms */ = {
			isa = PBXGroup;
			children = (
			);
			path = Algorithms;
			sourceTree = "<group>";
		};
		CE56F5AB249B689E00BA9B02 /* iOS */ = {
			isa = PBXGroup;
			children = (
				CED28E0C24B5BDB700AD2D6E /* Crash */,
			);
			path = iOS;
			sourceTree = "<group>";
		};
		CE6C170524B848190061EB32 /* LoadInitialize */ = {
			isa = PBXGroup;
			children = (
				CE6C171224B848A30061EB32 /* OCLoadInitializeController.h */,
				CE6C171324B848A30061EB32 /* OCLoadInitializeController.m */,
				CE6C172224B85E900061EB32 /* Inherit */,
				CE6C172124B85D600061EB32 /* Categray */,
			);
			path = LoadInitialize;
			sourceTree = "<group>";
		};
		CE6C172124B85D600061EB32 /* Categray */ = {
			isa = PBXGroup;
			children = (
				CE6C171524B849BF0061EB32 /* OCLoadInitializeObject.h */,
				CE6C171624B849BF0061EB32 /* OCLoadInitializeObject.m */,
				CE6C171824B84A440061EB32 /* OCLoadInitializeObject+Test.h */,
				CE6C171924B84A440061EB32 /* OCLoadInitializeObject+Test.m */,
				CE6C171B24B857B60061EB32 /* OCLoadInitializeObject+Test2.h */,
				CE6C171C24B857B60061EB32 /* OCLoadInitializeObject+Test2.m */,
				CE6C171E24B857CF0061EB32 /* OCLoadInitializeObject+Test3.h */,
				CE6C171F24B857CF0061EB32 /* OCLoadInitializeObject+Test3.m */,
			);
			path = Categray;
			sourceTree = "<group>";
		};
		CE6C172224B85E900061EB32 /* Inherit */ = {
			isa = PBXGroup;
			children = (
				CE6C172324B85F390061EB32 /* OCInheritObject.h */,
				CE6C172424B85F390061EB32 /* OCInheritObject.m */,
				CE6C172624B85F5A0061EB32 /* OCInheritA.h */,
				CE6C172724B85F5A0061EB32 /* OCInheritA.m */,
				CE6C172924B85F6D0061EB32 /* OCInheritB.h */,
				CE6C172A24B85F6D0061EB32 /* OCInheritB.m */,
			);
			path = Inherit;
			sourceTree = "<group>";
		};
		CE6C172C24B87AA20061EB32 /* Import */ = {
			isa = PBXGroup;
			children = (
				CE6C172D24B87AC90061EB32 /* OCImportController.h */,
				CE6C172E24B87AC90061EB32 /* OCImportController.m */,
			);
			path = Import;
			sourceTree = "<group>";
		};
		CE6EE48B24B70C6F008735BC /* Extension */ = {
			isa = PBXGroup;
			children = (
				CE6EE48C24B70DA7008735BC /* OCExtensionController.h */,
				CE6EE48D24B70DA7008735BC /* OCExtensionController.m */,
				CE6EE49124B71731008735BC /* OCTestExtension.h */,
				CE6EE49224B71731008735BC /* OCTestExtension.m */,
				CE6EE49424B7174B008735BC /* OCTestExtension+Extension.h */,
				CE6EE49024B70F02008735BC /* UIView+Extension.h */,
			);
			path = Extension;
			sourceTree = "<group>";
		};
		CE6EE49524B728D4008735BC /* Protocol */ = {
			isa = PBXGroup;
			children = (
				CE6EE49624B728FE008735BC /* OCProtocolController.h */,
				CE6EE49724B728FE008735BC /* OCProtocolController.m */,
				CE6EE49924B72929008735BC /* OCTestProtocol.h */,
				CE6EE49A24B72978008735BC /* OCTestProtocol.m */,
				CE6EE49C24B729C5008735BC /* OCTestDelegate.h */,
			);
			path = Protocol;
			sourceTree = "<group>";
		};
		CEB3969B24AC5BA800F5915E /* HitTest */ = {
			isa = PBXGroup;
			children = (
				CEB3969C24AC5BE600F5915E /* CUHitTestController.h */,
				CEB3969D24AC5BE600F5915E /* CUHitTestController.m */,
				CEB3969F24AC8D7300F5915E /* CUHitTestView.h */,
				CEB396A024AC8D7300F5915E /* CUHitTestView.m */,
				CEB396A224AC8F4900F5915E /* CUHitTestAView.h */,
				CEB396A324AC8F4900F5915E /* CUHitTestAView.m */,
				CEB396A524AC8F6100F5915E /* CUHitTestBView.h */,
				CEB396A624AC8F6100F5915E /* CUHitTestBView.m */,
			);
			path = HitTest;
			sourceTree = "<group>";
		};
		CEBE167324B464AB00301698 /* Lock */ = {
			isa = PBXGroup;
			children = (
				CEBE167424B464D200301698 /* OCLocksController.h */,
				CEBE167524B464D200301698 /* OCLocksController.m */,
			);
			path = Lock;
			sourceTree = "<group>";
		};
		CEC0C5DB24AD852100E103F5 /* OffScreen */ = {
			isa = PBXGroup;
			children = (
				CEC0C5DC24AD870C00E103F5 /* CUOffScreenController.h */,
				CEC0C5DD24AD870C00E103F5 /* CUOffScreenController.m */,
				CE50CA8E24AF2A9000BAB483 /* CGGradientView.h */,
				CE50CA8F24AF2A9000BAB483 /* CGGradientView.m */,
			);
			path = OffScreen;
			sourceTree = "<group>";
		};
		CED28E0C24B5BDB700AD2D6E /* Crash */ = {
			isa = PBXGroup;
			children = (
				CED28E1324B5BDB700AD2D6E /* OC_CrashController.h */,
				CED28E0F24B5BDB700AD2D6E /* OC_CrashController.m */,
				CED28E1424B5BDB700AD2D6E /* OC_CrashController+Unrecognized.h */,
				CED28E0E24B5BDB700AD2D6E /* OC_CrashController+Unrecognized.m */,
				CED28E0D24B5BDB700AD2D6E /* OC_CrashController+EXC_BAD_INSTRUCTION.h */,
				CED28E1224B5BDB700AD2D6E /* OC_CrashController+EXC_BAD_INSTRUCTION.m */,
				CED28E1524B5BDB700AD2D6E /* OC_CrashController+EXC_BAD_ACCESS.h */,
				CED28E1024B5BDB700AD2D6E /* OC_CrashController+EXC_BAD_ACCESS.m */,
				CED28E1624B5BDB700AD2D6E /* OC_CrashController+Operation.h */,
				CED28E1124B5BDB700AD2D6E /* OC_CrashController+Operation.m */,
			);
			path = Crash;
			sourceTree = "<group>";
		};
		CED28E1F24B5D8FF00AD2D6E /* Categary */ = {
			isa = PBXGroup;
			children = (
				CED28E2024B5D91B00AD2D6E /* OCCategaryController.h */,
				CED28E2124B5D91B00AD2D6E /* OCCategaryController.m */,
				CED28E2324B5E95100AD2D6E /* UIView+Frame.h */,
				CED28E2624B5E95100AD2D6E /* UIView+Frame.m */,
			);
			path = Categary;
			sourceTree = "<group>";
		};
		CEF1760824AB4B4F00977E8F /* FrameBounds */ = {
			isa = PBXGroup;
			children = (
				CEF1760B24AB4B4F00977E8F /* CUFrameBoundsViewController.h */,
				CEF1760E24AB4B4F00977E8F /* CUFrameBoundsViewController.m */,
				CEB3969724AC35CC00F5915E /* CUFBView.h */,
				CEB3969824AC35CC00F5915E /* CUFBView.m */,
			);
			path = FrameBounds;
			sourceTree = "<group>";
		};
		CEF17DD724B1D03A00218C27 /* Homework */ = {
			isa = PBXGroup;
			children = (
				CE9082E024A9B4F600A471B9 /* CHomeworkController.h */,
				CE9082E124A9B4F600A471B9 /* CHomeworkController.m */,
				CE9082E324A9BC7100A471B9 /* CHomework.h */,
				CE9082E424A9BC7100A471B9 /* CHomework.c */,
				CEC0C5DF24ADA6F100E103F5 /* CHomeworkSecond.h */,
				CEC0C5E024ADA6F100E103F5 /* CHomeworkSecond.c */,
			);
			path = Homework;
			sourceTree = "<group>";
		};
		CEF17DEE24B2365C00218C27 /* Libs */ = {
			isa = PBXGroup;
			children = (
				CEF17DEF24B2369C00218C27 /* CLibsController.h */,
				CEF17DF024B2369C00218C27 /* CLibsController.m */,
			);
			path = Libs;
			sourceTree = "<group>";
		};
		CEF6ADDE249904A10061995A /* CocoaUI */ = {
			isa = PBXGroup;
			children = (
				CEC0C5DB24AD852100E103F5 /* OffScreen */,
				CEB3969B24AC5BA800F5915E /* HitTest */,
				CEF1760824AB4B4F00977E8F /* FrameBounds */,
			);
			path = CocoaUI;
			sourceTree = "<group>";
		};
		CEF6ADDF2499064C0061995A /* BasePresent */ = {
			isa = PBXGroup;
			children = (
				CE56F5AC249B6D2300BA9B02 /* BPresentController.h */,
				CE56F5AD249B6D2300BA9B02 /* BPresentController.m */,
				CE56F5AF249B6E9F00BA9B02 /* BPresentModel.h */,
				CE56F5B0249B6E9F00BA9B02 /* BPresentModel.m */,
				CE56F5B8249B70CC00BA9B02 /* BPresentHeaderModel.h */,
				CE56F5B9249B70CC00BA9B02 /* BPresentHeaderModel.m */,
				CE56F5B5249B6F7900BA9B02 /* BPresentItemModel.h */,
				CE56F5B6249B6F7900BA9B02 /* BPresentItemModel.m */,
				CE56F5B2249B6F4300BA9B02 /* BPresentHeaderView.h */,
				CE56F5B3249B6F4300BA9B02 /* BPresentHeaderView.m */,
			);
			path = BasePresent;
			sourceTree = "<group>";
		};
		CEFDF90A24B324C6003F53CC /* Timer */ = {
			isa = PBXGroup;
			children = (
				CEFDF91B24B328F0003F53CC /* OCTimerController.h */,
				CEFDF91A24B328F0003F53CC /* OCTimerController.m */,
				CEFDF90F24B324C6003F53CC /* NSWeakTimer.h */,
				CEFDF91324B324C6003F53CC /* NSWeakTimer.m */,
				CEFDF91024B324C6003F53CC /* OC_Test_CADisplayLink.h */,
				CEFDF90C24B324C6003F53CC /* OC_Test_CADisplayLink.m */,
				CEFDF91224B324C6003F53CC /* OC_Test_NSTimer.h */,
				CEFDF90D24B324C6003F53CC /* OC_Test_NSTimer.m */,
				CEFDF90E24B324C6003F53CC /* OC_Test_GCDTimer.h */,
				CEFDF91424B324C6003F53CC /* OC_Test_GCDTimer.m */,
			);
			path = Timer;
			sourceTree = "<group>";
		};
		CEFDF91D24B338DD003F53CC /* Thread */ = {
			isa = PBXGroup;
			children = (
				CEFDF91E24B3391C003F53CC /* OCThreadController.h */,
				CEFDF91F24B3391C003F53CC /* OCThreadController.m */,
				CEFDF92124B33A73003F53CC /* OCThread.h */,
				CEFDF92224B33A73003F53CC /* OCThread.m */,
				CEFDF92424B33A86003F53CC /* OCOperation.h */,
				CEFDF92524B33A86003F53CC /* OCOperation.m */,
				CEFDF92724B33AAE003F53CC /* OCGCDAsync.h */,
				CEFDF92824B33AAE003F53CC /* OCGCDAsync.m */,
			);
			path = Thread;
			sourceTree = "<group>";
		};
/* End PBXGroup section */

/* Begin PBXNativeTarget section */
		CE316F5C2498D4A400AC495A /* Programming */ = {
			isa = PBXNativeTarget;
			buildConfigurationList = CE316F762498D4A600AC495A /* Build configuration list for PBXNativeTarget "Programming" */;
			buildPhases = (
				CE316F592498D4A400AC495A /* Sources */,
				CE316F5A2498D4A400AC495A /* Frameworks */,
				CE316F5B2498D4A400AC495A /* Resources */,
			);
			buildRules = (
			);
			dependencies = (
			);
			name = Programming;
			productName = Programming;
			productReference = CE316F5D2498D4A400AC495A /* Programming.app */;
			productType = "com.apple.product-type.application";
		};
/* End PBXNativeTarget section */

/* Begin PBXProject section */
		CE316F552498D4A400AC495A /* Project object */ = {
			isa = PBXProject;
			attributes = {
				LastUpgradeCheck = 1150;
				ORGANIZATIONNAME = Peace;
				TargetAttributes = {
					CE316F5C2498D4A400AC495A = {
						CreatedOnToolsVersion = 11.5;
					};
				};
			};
			buildConfigurationList = CE316F582498D4A400AC495A /* Build configuration list for PBXProject "Programming" */;
			compatibilityVersion = "Xcode 9.3";
			developmentRegion = en;
			hasScannedForEncodings = 0;
			knownRegions = (
				en,
				Base,
			);
			mainGroup = CE316F542498D4A400AC495A;
			productRefGroup = CE316F5E2498D4A400AC495A /* Products */;
			projectDirPath = "";
			projectRoot = "";
			targets = (
				CE316F5C2498D4A400AC495A /* Programming */,
			);
		};
/* End PBXProject section */

/* Begin PBXResourcesBuildPhase section */
		CE316F5B2498D4A400AC495A /* Resources */ = {
			isa = PBXResourcesBuildPhase;
			buildActionMask = 2147483647;
			files = (
				CE316F702498D4A600AC495A /* LaunchScreen.storyboard in Resources */,
				CE316F6D2498D4A600AC495A /* Assets.xcassets in Resources */,
			);
			runOnlyForDeploymentPostprocessing = 0;
		};
/* End PBXResourcesBuildPhase section */

/* Begin PBXSourcesBuildPhase section */
		CE316F592498D4A400AC495A /* Sources */ = {
			isa = PBXSourcesBuildPhase;
			buildActionMask = 2147483647;
			files = (
				CED28E1E24B5D1EC00AD2D6E /* OCKeywordsController.m in Sources */,
				CEF17DE724B232AD00218C27 /* CPointer.c in Sources */,
				CEB3969E24AC5BE600F5915E /* CUHitTestController.m in Sources */,
				CEBE167624B464D200301698 /* OCLocksController.m in Sources */,
				CE6C171424B848A30061EB32 /* OCLoadInitializeController.m in Sources */,
				CE56F5AE249B6D2300BA9B02 /* BPresentController.m in Sources */,
				CEB3969924AC35CC00F5915E /* CUFBView.m in Sources */,
				CEF17DE124B2320200218C27 /* CDataType.c in Sources */,
				CEFDF91C24B328F1003F53CC /* OCTimerController.m in Sources */,
				CEF1761124AB4B4F00977E8F /* CUFrameBoundsViewController.m in Sources */,
				CE6C172F24B87AC90061EB32 /* OCImportController.m in Sources */,
				CEF17DDB24B1F5A000218C27 /* CCycle.c in Sources */,
				CE6C172024B857CF0061EB32 /* OCLoadInitializeObject+Test3.m in Sources */,
				CE6C171724B849BF0061EB32 /* OCLoadInitializeObject.m in Sources */,
				CEB396A424AC8F4900F5915E /* CUHitTestAView.m in Sources */,
				CEF17DF124B2369C00218C27 /* CLibsController.m in Sources */,
				CE6C172B24B85F6D0061EB32 /* OCInheritB.m in Sources */,
				CEFDF92024B3391C003F53CC /* OCThreadController.m in Sources */,
				CED28E1724B5BDB700AD2D6E /* OC_CrashController+Unrecognized.m in Sources */,
				CEC0C5DE24AD870C00E103F5 /* CUOffScreenController.m in Sources */,
				CE50CA9024AF2A9000BAB483 /* CGGradientView.m in Sources */,
				CE6EE49B24B72978008735BC /* OCTestProtocol.m in Sources */,
				CE56F5B7249B6F7900BA9B02 /* BPresentItemModel.m in Sources */,
				CE6C172824B85F5A0061EB32 /* OCInheritA.m in Sources */,
				CEFDF91924B324C6003F53CC /* OC_Test_GCDTimer.m in Sources */,
				CE9082E224A9B4F600A471B9 /* CHomeworkController.m in Sources */,
				CEFDF91824B324C6003F53CC /* NSWeakTimer.m in Sources */,
				CEFDF92624B33A86003F53CC /* OCOperation.m in Sources */,
				CEC0C5E124ADA6F100E103F5 /* CHomeworkSecond.c in Sources */,
				CEFDF91624B324C6003F53CC /* OC_Test_NSTimer.m in Sources */,
				CEFDF91524B324C6003F53CC /* OC_Test_CADisplayLink.m in Sources */,
				CED28E2824B5E95100AD2D6E /* UIView+Frame.m in Sources */,
				CE6EE49824B728FE008735BC /* OCProtocolController.m in Sources */,
				CEF17DE424B2324100218C27 /* COptionAndOperator.c in Sources */,
				CE6C171A24B84A440061EB32 /* OCLoadInitializeObject+Test.m in Sources */,
				CE6C171D24B857B60061EB32 /* OCLoadInitializeObject+Test2.m in Sources */,
				CED28E1B24B5BDB700AD2D6E /* OC_CrashController+EXC_BAD_INSTRUCTION.m in Sources */,
				CE316F682498D4A400AC495A /* ViewController.m in Sources */,
				CE6EE49324B71731008735BC /* OCTestExtension.m in Sources */,
				CED28E1924B5BDB700AD2D6E /* OC_CrashController+EXC_BAD_ACCESS.m in Sources */,
				CED28E1A24B5BDB700AD2D6E /* OC_CrashController+Operation.m in Sources */,
				CE56F5B1249B6E9F00BA9B02 /* BPresentModel.m in Sources */,
				CE9082E524A9BC7100A471B9 /* CHomework.c in Sources */,
				CED28E2224B5D91B00AD2D6E /* OCCategaryController.m in Sources */,
				CE316F622498D4A400AC495A /* AppDelegate.m in Sources */,
				CED28E1824B5BDB700AD2D6E /* OC_CrashController.m in Sources */,
				CEF17DD624B1CFB000218C27 /* CArray.c in Sources */,
				CEFDF92324B33A73003F53CC /* OCThread.m in Sources */,
				CE316F732498D4A600AC495A /* main.m in Sources */,
				CEF17DEA24B2338600218C27 /* CFunction.c in Sources */,
				CE56F5B4249B6F4300BA9B02 /* BPresentHeaderView.m in Sources */,
				CEB396A124AC8D7300F5915E /* CUHitTestView.m in Sources */,
				CEFDF92924B33AAE003F53CC /* OCGCDAsync.m in Sources */,
				CE6C172524B85F390061EB32 /* OCInheritObject.m in Sources */,
				CE56F5BA249B70CC00BA9B02 /* BPresentHeaderModel.m in Sources */,
				CE6EE48E24B70DA7008735BC /* OCExtensionController.m in Sources */,
				CEB396A724AC8F6100F5915E /* CUHitTestBView.m in Sources */,
				CED28E0B24B5B43000AD2D6E /* OCPointerController.m in Sources */,
			);
			runOnlyForDeploymentPostprocessing = 0;
		};
/* End PBXSourcesBuildPhase section */

/* Begin PBXVariantGroup section */
		CE316F6E2498D4A600AC495A /* LaunchScreen.storyboard */ = {
			isa = PBXVariantGroup;
			children = (
				CE316F6F2498D4A600AC495A /* Base */,
			);
			name = LaunchScreen.storyboard;
			sourceTree = "<group>";
		};
/* End PBXVariantGroup section */

/* Begin XCBuildConfiguration section */
		CE316F742498D4A600AC495A /* Debug */ = {
			isa = XCBuildConfiguration;
			buildSettings = {
				ALWAYS_SEARCH_USER_PATHS = NO;
				CLANG_ANALYZER_NONNULL = YES;
				CLANG_ANALYZER_NUMBER_OBJECT_CONVERSION = YES_AGGRESSIVE;
				CLANG_CXX_LANGUAGE_STANDARD = "gnu++14";
				CLANG_CXX_LIBRARY = "libc++";
				CLANG_ENABLE_MODULES = YES;
				CLANG_ENABLE_OBJC_ARC = YES;
				CLANG_ENABLE_OBJC_WEAK = YES;
				CLANG_WARN_BLOCK_CAPTURE_AUTORELEASING = YES;
				CLANG_WARN_BOOL_CONVERSION = YES;
				CLANG_WARN_COMMA = YES;
				CLANG_WARN_CONSTANT_CONVERSION = YES;
				CLANG_WARN_DEPRECATED_OBJC_IMPLEMENTATIONS = YES;
				CLANG_WARN_DIRECT_OBJC_ISA_USAGE = YES_ERROR;
				CLANG_WARN_DOCUMENTATION_COMMENTS = YES;
				CLANG_WARN_EMPTY_BODY = YES;
				CLANG_WARN_ENUM_CONVERSION = YES;
				CLANG_WARN_INFINITE_RECURSION = YES;
				CLANG_WARN_INT_CONVERSION = YES;
				CLANG_WARN_NON_LITERAL_NULL_CONVERSION = YES;
				CLANG_WARN_OBJC_IMPLICIT_RETAIN_SELF = YES;
				CLANG_WARN_OBJC_LITERAL_CONVERSION = YES;
				CLANG_WARN_OBJC_ROOT_CLASS = YES_ERROR;
				CLANG_WARN_RANGE_LOOP_ANALYSIS = YES;
				CLANG_WARN_STRICT_PROTOTYPES = YES;
				CLANG_WARN_SUSPICIOUS_MOVE = YES;
				CLANG_WARN_UNGUARDED_AVAILABILITY = YES_AGGRESSIVE;
				CLANG_WARN_UNREACHABLE_CODE = YES;
				CLANG_WARN__DUPLICATE_METHOD_MATCH = YES;
				COPY_PHASE_STRIP = NO;
				DEBUG_INFORMATION_FORMAT = dwarf;
				ENABLE_STRICT_OBJC_MSGSEND = YES;
				ENABLE_TESTABILITY = YES;
				GCC_C_LANGUAGE_STANDARD = gnu11;
				GCC_DYNAMIC_NO_PIC = NO;
				GCC_NO_COMMON_BLOCKS = YES;
				GCC_OPTIMIZATION_LEVEL = 0;
				GCC_PREPROCESSOR_DEFINITIONS = (
					"DEBUG=1",
					"$(inherited)",
				);
				GCC_WARN_64_TO_32_BIT_CONVERSION = YES;
				GCC_WARN_ABOUT_RETURN_TYPE = YES_ERROR;
				GCC_WARN_UNDECLARED_SELECTOR = YES;
				GCC_WARN_UNINITIALIZED_AUTOS = YES_AGGRESSIVE;
				GCC_WARN_UNUSED_FUNCTION = YES;
				GCC_WARN_UNUSED_VARIABLE = YES;
				IPHONEOS_DEPLOYMENT_TARGET = 11.0;
				MTL_ENABLE_DEBUG_INFO = INCLUDE_SOURCE;
				MTL_FAST_MATH = YES;
				ONLY_ACTIVE_ARCH = YES;
				SDKROOT = iphoneos;
			};
			name = Debug;
		};
		CE316F752498D4A600AC495A /* Release */ = {
			isa = XCBuildConfiguration;
			buildSettings = {
				ALWAYS_SEARCH_USER_PATHS = NO;
				CLANG_ANALYZER_NONNULL = YES;
				CLANG_ANALYZER_NUMBER_OBJECT_CONVERSION = YES_AGGRESSIVE;
				CLANG_CXX_LANGUAGE_STANDARD = "gnu++14";
				CLANG_CXX_LIBRARY = "libc++";
				CLANG_ENABLE_MODULES = YES;
				CLANG_ENABLE_OBJC_ARC = YES;
				CLANG_ENABLE_OBJC_WEAK = YES;
				CLANG_WARN_BLOCK_CAPTURE_AUTORELEASING = YES;
				CLANG_WARN_BOOL_CONVERSION = YES;
				CLANG_WARN_COMMA = YES;
				CLANG_WARN_CONSTANT_CONVERSION = YES;
				CLANG_WARN_DEPRECATED_OBJC_IMPLEMENTATIONS = YES;
				CLANG_WARN_DIRECT_OBJC_ISA_USAGE = YES_ERROR;
				CLANG_WARN_DOCUMENTATION_COMMENTS = YES;
				CLANG_WARN_EMPTY_BODY = YES;
				CLANG_WARN_ENUM_CONVERSION = YES;
				CLANG_WARN_INFINITE_RECURSION = YES;
				CLANG_WARN_INT_CONVERSION = YES;
				CLANG_WARN_NON_LITERAL_NULL_CONVERSION = YES;
				CLANG_WARN_OBJC_IMPLICIT_RETAIN_SELF = YES;
				CLANG_WARN_OBJC_LITERAL_CONVERSION = YES;
				CLANG_WARN_OBJC_ROOT_CLASS = YES_ERROR;
				CLANG_WARN_RANGE_LOOP_ANALYSIS = YES;
				CLANG_WARN_STRICT_PROTOTYPES = YES;
				CLANG_WARN_SUSPICIOUS_MOVE = YES;
				CLANG_WARN_UNGUARDED_AVAILABILITY = YES_AGGRESSIVE;
				CLANG_WARN_UNREACHABLE_CODE = YES;
				CLANG_WARN__DUPLICATE_METHOD_MATCH = YES;
				COPY_PHASE_STRIP = NO;
				DEBUG_INFORMATION_FORMAT = "dwarf-with-dsym";
				ENABLE_NS_ASSERTIONS = NO;
				ENABLE_STRICT_OBJC_MSGSEND = YES;
				GCC_C_LANGUAGE_STANDARD = gnu11;
				GCC_NO_COMMON_BLOCKS = YES;
				GCC_WARN_64_TO_32_BIT_CONVERSION = YES;
				GCC_WARN_ABOUT_RETURN_TYPE = YES_ERROR;
				GCC_WARN_UNDECLARED_SELECTOR = YES;
				GCC_WARN_UNINITIALIZED_AUTOS = YES_AGGRESSIVE;
				GCC_WARN_UNUSED_FUNCTION = YES;
				GCC_WARN_UNUSED_VARIABLE = YES;
				IPHONEOS_DEPLOYMENT_TARGET = 11.0;
				MTL_ENABLE_DEBUG_INFO = NO;
				MTL_FAST_MATH = YES;
				SDKROOT = iphoneos;
				VALIDATE_PRODUCT = YES;
			};
			name = Release;
		};
		CE316F772498D4A600AC495A /* Debug */ = {
			isa = XCBuildConfiguration;
			buildSettings = {
				ASSETCATALOG_COMPILER_APPICON_NAME = AppIcon;
				CODE_SIGN_STYLE = Automatic;
				INFOPLIST_FILE = Programming/Info.plist;
				LD_RUNPATH_SEARCH_PATHS = (
					"$(inherited)",
					"@executable_path/Frameworks",
				);
				PRODUCT_BUNDLE_IDENTIFIER = com.com.Programming;
				PRODUCT_NAME = "$(TARGET_NAME)";
				TARGETED_DEVICE_FAMILY = "1,2";
			};
			name = Debug;
		};
		CE316F782498D4A600AC495A /* Release */ = {
			isa = XCBuildConfiguration;
			buildSettings = {
				ASSETCATALOG_COMPILER_APPICON_NAME = AppIcon;
				CODE_SIGN_STYLE = Automatic;
				INFOPLIST_FILE = Programming/Info.plist;
				LD_RUNPATH_SEARCH_PATHS = (
					"$(inherited)",
					"@executable_path/Frameworks",
				);
				PRODUCT_BUNDLE_IDENTIFIER = com.com.Programming;
				PRODUCT_NAME = "$(TARGET_NAME)";
				TARGETED_DEVICE_FAMILY = "1,2";
			};
			name = Release;
		};
/* End XCBuildConfiguration section */

/* Begin XCConfigurationList section */
		CE316F582498D4A400AC495A /* Build configuration list for PBXProject "Programming" */ = {
			isa = XCConfigurationList;
			buildConfigurations = (
				CE316F742498D4A600AC495A /* Debug */,
				CE316F752498D4A600AC495A /* Release */,
			);
			defaultConfigurationIsVisible = 0;
			defaultConfigurationName = Release;
		};
		CE316F762498D4A600AC495A /* Build configuration list for PBXNativeTarget "Programming" */ = {
			isa = XCConfigurationList;
			buildConfigurations = (
				CE316F772498D4A600AC495A /* Debug */,
				CE316F782498D4A600AC495A /* Release */,
			);
			defaultConfigurationIsVisible = 0;
			defaultConfigurationName = Release;
		};
/* End XCConfigurationList section */
	};
	rootObject = CE316F552498D4A400AC495A /* Project object */;
}
